// !$*UTF8*$!
{
	archiveVersion = 1;
	classes = {
	};
	objectVersion = 54;
	objects = {

/* Begin PBXBuildFile section */
		0CFEFB219ED549E39234981B /* Inter-ExtraLight.ttf in Resources */ = {isa = PBXBuildFile; fileRef = 44576D17A7294F4A8EBF5D63 /* Inter-ExtraLight.ttf */; };
		0E569FF8E03F45AF96C4B648 /* Inter-ExtraBoldItalic.ttf in Resources */ = {isa = PBXBuildFile; fileRef = 9EC846E57D70496CBA8E38A4 /* Inter-ExtraBoldItalic.ttf */; };
		13B07FBF1A68108700A75B9A /* Images.xcassets in Resources */ = {isa = PBXBuildFile; fileRef = 13B07FB51A68108700A75B9A /* Images.xcassets */; };
		22FEF33E1F6649E99E7AA51F /* Inter-Italic.ttf in Resources */ = {isa = PBXBuildFile; fileRef = 60038AD7E76643A3975FBDF0 /* Inter-Italic.ttf */; };
		253B2F826B674FC5A2CD99F5 /* Inter-Light.ttf in Resources */ = {isa = PBXBuildFile; fileRef = FFB6416687B5453A888AD2D2 /* Inter-Light.ttf */; };
		26EA986820E24C6B90D844E1 /* Inter-LightItalic.ttf in Resources */ = {isa = PBXBuildFile; fileRef = 8B7C262779F249448D39C4E5 /* Inter-LightItalic.ttf */; };
		3E461D99554A48A4959DE609 /* SplashScreen.storyboard in Resources */ = {isa = PBXBuildFile; fileRef = AA286B85B6C04FC6940260E9 /* SplashScreen.storyboard */; };
		481E736EB71F46F29653AFEA /* Inter-Thin.ttf in Resources */ = {isa = PBXBuildFile; fileRef = D509FFF4814A4A5A88170DFB /* Inter-Thin.ttf */; };
		51FEB64DDC364FF6AB3CF6DF /* Inter-SemiBoldItalic.ttf in Resources */ = {isa = PBXBuildFile; fileRef = 5F168A83F84348FBA9116A9D /* Inter-SemiBoldItalic.ttf */; };
		676CF051487D47ADA2338CEA /* Inter-BoldItalic.ttf in Resources */ = {isa = PBXBuildFile; fileRef = 2DD7E60F9AD24DB0AF1BA14E /* Inter-BoldItalic.ttf */; };
		750472C46AD842C980252C4E /* PrivacyInfo.xcprivacy in Resources */ = {isa = PBXBuildFile; fileRef = 563A5F2DAC53499894365A9F /* PrivacyInfo.xcprivacy */; };
		75D48256121A47BE8F1028B7 /* Inter-Medium.ttf in Resources */ = {isa = PBXBuildFile; fileRef = 5CE4BF8ED61642CC966EBCCE /* Inter-Medium.ttf */; };
		89046DBF2F3F404BA8851E17 /* Inter-ExtraBold.ttf in Resources */ = {isa = PBXBuildFile; fileRef = E4D0D9E3C944489CB99D31E3 /* Inter-ExtraBold.ttf */; };
		8A1964EAC229CB37A001FEDB /* libPods-AuthenticationApp.a in Frameworks */ = {isa = PBXBuildFile; fileRef = 8E90F44A1467A265FFE140B3 /* libPods-AuthenticationApp.a */; };
		8AEBCCE8F69140C880B9595E /* Inter-BlackItalic.ttf in Resources */ = {isa = PBXBuildFile; fileRef = 2EC7013045104148980D105A /* Inter-BlackItalic.ttf */; };
		9063D2DC5B9944B99F17B9F5 /* Inter-MediumItalic.ttf in Resources */ = {isa = PBXBuildFile; fileRef = F972AF1CC0C648B5A58B80A6 /* Inter-MediumItalic.ttf */; };
		944E6DA5AA4D4054A60416FD /* Inter-Bold.ttf in Resources */ = {isa = PBXBuildFile; fileRef = FD4E037FBB7D479F8BAF2963 /* Inter-Bold.ttf */; };
		A25AEC7153324F04AC582039 /* Inter-Regular.ttf in Resources */ = {isa = PBXBuildFile; fileRef = 53D069E4E9234471980AC19B /* Inter-Regular.ttf */; };
		AAD3487E2EBE45628CEE634A /* Inter-Black.ttf in Resources */ = {isa = PBXBuildFile; fileRef = 7F7D8C50CFE6478C9571FD1A /* Inter-Black.ttf */; };
		ADFAFFE95C4B4F40BF697D3D /* Inter-SemiBold.ttf in Resources */ = {isa = PBXBuildFile; fileRef = B7B8ED4CE5404E6F8B28B9D9 /* Inter-SemiBold.ttf */; };
		B873228E60A8490A89B1034C /* Inter-ThinItalic.ttf in Resources */ = {isa = PBXBuildFile; fileRef = 11FF981D27614F87A9117484 /* Inter-ThinItalic.ttf */; };
		BB2F792D24A3F905000567C9 /* Expo.plist in Resources */ = {isa = PBXBuildFile; fileRef = BB2F792C24A3F905000567C9 /* Expo.plist */; };
		BF8CE485B5714FF7BFB81B28 /* Inter-ExtraLightItalic.ttf in Resources */ = {isa = PBXBuildFile; fileRef = 3A972DA998AE4D859C1E59BF /* Inter-ExtraLightItalic.ttf */; };
		CC6941D1D0B60547DBAC921C /* ExpoModulesProvider.swift in Sources */ = {isa = PBXBuildFile; fileRef = F2D70398E3A319651B064746 /* ExpoModulesProvider.swift */; };
		F11748422D0307B40044C1D9 /* AppDelegate.swift in Sources */ = {isa = PBXBuildFile; fileRef = F11748412D0307B40044C1D9 /* AppDelegate.swift */; };
/* End PBXBuildFile section */

/* Begin PBXFileReference section */
		11FF981D27614F87A9117484 /* Inter-ThinItalic.ttf */ = {isa = PBXFileReference; explicitFileType = undefined; fileEncoding = undefined; includeInIndex = 0; lastKnownFileType = unknown; name = "Inter-ThinItalic.ttf"; path = "../assets/fonts/Inter-ThinItalic.ttf"; sourceTree = "<group>"; };
		13B07F961A680F5B00A75B9A /* AuthenticationApp.app */ = {isa = PBXFileReference; explicitFileType = wrapper.application; includeInIndex = 0; path = AuthenticationApp.app; sourceTree = BUILT_PRODUCTS_DIR; };
		13B07FB51A68108700A75B9A /* Images.xcassets */ = {isa = PBXFileReference; lastKnownFileType = folder.assetcatalog; name = Images.xcassets; path = AuthenticationApp/Images.xcassets; sourceTree = "<group>"; };
		13B07FB61A68108700A75B9A /* Info.plist */ = {isa = PBXFileReference; fileEncoding = 4; lastKnownFileType = text.plist.xml; name = Info.plist; path = AuthenticationApp/Info.plist; sourceTree = "<group>"; };
		2DD7E60F9AD24DB0AF1BA14E /* Inter-BoldItalic.ttf */ = {isa = PBXFileReference; explicitFileType = undefined; fileEncoding = undefined; includeInIndex = 0; lastKnownFileType = unknown; name = "Inter-BoldItalic.ttf"; path = "../assets/fonts/Inter-BoldItalic.ttf"; sourceTree = "<group>"; };
		2EC7013045104148980D105A /* Inter-BlackItalic.ttf */ = {isa = PBXFileReference; explicitFileType = undefined; fileEncoding = undefined; includeInIndex = 0; lastKnownFileType = unknown; name = "Inter-BlackItalic.ttf"; path = "../assets/fonts/Inter-BlackItalic.ttf"; sourceTree = "<group>"; };
		3A972DA998AE4D859C1E59BF /* Inter-ExtraLightItalic.ttf */ = {isa = PBXFileReference; explicitFileType = undefined; fileEncoding = undefined; includeInIndex = 0; lastKnownFileType = unknown; name = "Inter-ExtraLightItalic.ttf"; path = "../assets/fonts/Inter-ExtraLightItalic.ttf"; sourceTree = "<group>"; };
		44576D17A7294F4A8EBF5D63 /* Inter-ExtraLight.ttf */ = {isa = PBXFileReference; explicitFileType = undefined; fileEncoding = undefined; includeInIndex = 0; lastKnownFileType = unknown; name = "Inter-ExtraLight.ttf"; path = "../assets/fonts/Inter-ExtraLight.ttf"; sourceTree = "<group>"; };
		53D069E4E9234471980AC19B /* Inter-Regular.ttf */ = {isa = PBXFileReference; explicitFileType = undefined; fileEncoding = undefined; includeInIndex = 0; lastKnownFileType = unknown; name = "Inter-Regular.ttf"; path = "../assets/fonts/Inter-Regular.ttf"; sourceTree = "<group>"; };
		563A5F2DAC53499894365A9F /* PrivacyInfo.xcprivacy */ = {isa = PBXFileReference; explicitFileType = undefined; fileEncoding = undefined; includeInIndex = 0; lastKnownFileType = unknown; name = PrivacyInfo.xcprivacy; path = AuthenticationApp/PrivacyInfo.xcprivacy; sourceTree = "<group>"; };
		5CE4BF8ED61642CC966EBCCE /* Inter-Medium.ttf */ = {isa = PBXFileReference; explicitFileType = undefined; fileEncoding = undefined; includeInIndex = 0; lastKnownFileType = unknown; name = "Inter-Medium.ttf"; path = "../assets/fonts/Inter-Medium.ttf"; sourceTree = "<group>"; };
		5F168A83F84348FBA9116A9D /* Inter-SemiBoldItalic.ttf */ = {isa = PBXFileReference; explicitFileType = undefined; fileEncoding = undefined; includeInIndex = 0; lastKnownFileType = unknown; name = "Inter-SemiBoldItalic.ttf"; path = "../assets/fonts/Inter-SemiBoldItalic.ttf"; sourceTree = "<group>"; };
		60038AD7E76643A3975FBDF0 /* Inter-Italic.ttf */ = {isa = PBXFileReference; explicitFileType = undefined; fileEncoding = undefined; includeInIndex = 0; lastKnownFileType = unknown; name = "Inter-Italic.ttf"; path = "../assets/fonts/Inter-Italic.ttf"; sourceTree = "<group>"; };
		7F7D8C50CFE6478C9571FD1A /* Inter-Black.ttf */ = {isa = PBXFileReference; explicitFileType = undefined; fileEncoding = undefined; includeInIndex = 0; lastKnownFileType = unknown; name = "Inter-Black.ttf"; path = "../assets/fonts/Inter-Black.ttf"; sourceTree = "<group>"; };
		8B7C262779F249448D39C4E5 /* Inter-LightItalic.ttf */ = {isa = PBXFileReference; explicitFileType = undefined; fileEncoding = undefined; includeInIndex = 0; lastKnownFileType = unknown; name = "Inter-LightItalic.ttf"; path = "../assets/fonts/Inter-LightItalic.ttf"; sourceTree = "<group>"; };
		8E90F44A1467A265FFE140B3 /* libPods-AuthenticationApp.a */ = {isa = PBXFileReference; explicitFileType = archive.ar; includeInIndex = 0; path = "libPods-AuthenticationApp.a"; sourceTree = BUILT_PRODUCTS_DIR; };
		91BC6038E27DFA1CDA69E0A0 /* Pods-AuthenticationApp.release.xcconfig */ = {isa = PBXFileReference; includeInIndex = 1; lastKnownFileType = text.xcconfig; name = "Pods-AuthenticationApp.release.xcconfig"; path = "Target Support Files/Pods-AuthenticationApp/Pods-AuthenticationApp.release.xcconfig"; sourceTree = "<group>"; };
		9EC846E57D70496CBA8E38A4 /* Inter-ExtraBoldItalic.ttf */ = {isa = PBXFileReference; explicitFileType = undefined; fileEncoding = undefined; includeInIndex = 0; lastKnownFileType = unknown; name = "Inter-ExtraBoldItalic.ttf"; path = "../assets/fonts/Inter-ExtraBoldItalic.ttf"; sourceTree = "<group>"; };
		AA286B85B6C04FC6940260E9 /* SplashScreen.storyboard */ = {isa = PBXFileReference; fileEncoding = 4; lastKnownFileType = file.storyboard; name = SplashScreen.storyboard; path = AuthenticationApp/SplashScreen.storyboard; sourceTree = "<group>"; };
		B7B8ED4CE5404E6F8B28B9D9 /* Inter-SemiBold.ttf */ = {isa = PBXFileReference; explicitFileType = undefined; fileEncoding = undefined; includeInIndex = 0; lastKnownFileType = unknown; name = "Inter-SemiBold.ttf"; path = "../assets/fonts/Inter-SemiBold.ttf"; sourceTree = "<group>"; };
		BB2F792C24A3F905000567C9 /* Expo.plist */ = {isa = PBXFileReference; fileEncoding = 4; lastKnownFileType = text.plist.xml; path = Expo.plist; sourceTree = "<group>"; };
		BCED4BD453C75126689A5175 /* Pods-AuthenticationApp.debug.xcconfig */ = {isa = PBXFileReference; includeInIndex = 1; lastKnownFileType = text.xcconfig; name = "Pods-AuthenticationApp.debug.xcconfig"; path = "Target Support Files/Pods-AuthenticationApp/Pods-AuthenticationApp.debug.xcconfig"; sourceTree = "<group>"; };
		D509FFF4814A4A5A88170DFB /* Inter-Thin.ttf */ = {isa = PBXFileReference; explicitFileType = undefined; fileEncoding = undefined; includeInIndex = 0; lastKnownFileType = unknown; name = "Inter-Thin.ttf"; path = "../assets/fonts/Inter-Thin.ttf"; sourceTree = "<group>"; };
		E4D0D9E3C944489CB99D31E3 /* Inter-ExtraBold.ttf */ = {isa = PBXFileReference; explicitFileType = undefined; fileEncoding = undefined; includeInIndex = 0; lastKnownFileType = unknown; name = "Inter-ExtraBold.ttf"; path = "../assets/fonts/Inter-ExtraBold.ttf"; sourceTree = "<group>"; };
		ED297162215061F000B7C4FE /* JavaScriptCore.framework */ = {isa = PBXFileReference; lastKnownFileType = wrapper.framework; name = JavaScriptCore.framework; path = System/Library/Frameworks/JavaScriptCore.framework; sourceTree = SDKROOT; };
		F11748412D0307B40044C1D9 /* AppDelegate.swift */ = {isa = PBXFileReference; lastKnownFileType = sourcecode.swift; name = AppDelegate.swift; path = AuthenticationApp/AppDelegate.swift; sourceTree = "<group>"; };
		F11748442D0722820044C1D9 /* AuthenticationApp-Bridging-Header.h */ = {isa = PBXFileReference; lastKnownFileType = sourcecode.c.h; name = "AuthenticationApp-Bridging-Header.h"; path = "AuthenticationApp/AuthenticationApp-Bridging-Header.h"; sourceTree = "<group>"; };
		F2D70398E3A319651B064746 /* ExpoModulesProvider.swift */ = {isa = PBXFileReference; includeInIndex = 1; lastKnownFileType = sourcecode.swift; name = ExpoModulesProvider.swift; path = "Pods/Target Support Files/Pods-AuthenticationApp/ExpoModulesProvider.swift"; sourceTree = "<group>"; };
		F972AF1CC0C648B5A58B80A6 /* Inter-MediumItalic.ttf */ = {isa = PBXFileReference; explicitFileType = undefined; fileEncoding = undefined; includeInIndex = 0; lastKnownFileType = unknown; name = "Inter-MediumItalic.ttf"; path = "../assets/fonts/Inter-MediumItalic.ttf"; sourceTree = "<group>"; };
		FD4E037FBB7D479F8BAF2963 /* Inter-Bold.ttf */ = {isa = PBXFileReference; explicitFileType = undefined; fileEncoding = undefined; includeInIndex = 0; lastKnownFileType = unknown; name = "Inter-Bold.ttf"; path = "../assets/fonts/Inter-Bold.ttf"; sourceTree = "<group>"; };
		FFB6416687B5453A888AD2D2 /* Inter-Light.ttf */ = {isa = PBXFileReference; explicitFileType = undefined; fileEncoding = undefined; includeInIndex = 0; lastKnownFileType = unknown; name = "Inter-Light.ttf"; path = "../assets/fonts/Inter-Light.ttf"; sourceTree = "<group>"; };
/* End PBXFileReference section */

/* Begin PBXFrameworksBuildPhase section */
		13B07F8C1A680F5B00A75B9A /* Frameworks */ = {
			isa = PBXFrameworksBuildPhase;
			buildActionMask = 2147483647;
			files = (
				8A1964EAC229CB37A001FEDB /* libPods-AuthenticationApp.a in Frameworks */,
			);
			runOnlyForDeploymentPostprocessing = 0;
		};
/* End PBXFrameworksBuildPhase section */

/* Begin PBXGroup section */
		13B07FAE1A68108700A75B9A /* AuthenticationApp */ = {
			isa = PBXGroup;
			children = (
				F11748412D0307B40044C1D9 /* AppDelegate.swift */,
				F11748442D0722820044C1D9 /* AuthenticationApp-Bridging-Header.h */,
				BB2F792B24A3F905000567C9 /* Supporting */,
				13B07FB51A68108700A75B9A /* Images.xcassets */,
				13B07FB61A68108700A75B9A /* Info.plist */,
				AA286B85B6C04FC6940260E9 /* SplashScreen.storyboard */,
				563A5F2DAC53499894365A9F /* PrivacyInfo.xcprivacy */,
			);
			name = AuthenticationApp;
			sourceTree = "<group>";
		};
		2D16E6871FA4F8E400B85C8A /* Frameworks */ = {
			isa = PBXGroup;
			children = (
				ED297162215061F000B7C4FE /* JavaScriptCore.framework */,
				8E90F44A1467A265FFE140B3 /* libPods-AuthenticationApp.a */,
			);
			name = Frameworks;
			sourceTree = "<group>";
		};
		364548586DDBB1AF0D4BD111 /* Pods */ = {
			isa = PBXGroup;
			children = (
				BCED4BD453C75126689A5175 /* Pods-AuthenticationApp.debug.xcconfig */,
				91BC6038E27DFA1CDA69E0A0 /* Pods-AuthenticationApp.release.xcconfig */,
			);
			name = Pods;
			path = Pods;
			sourceTree = "<group>";
		};
		37A65DEE0484E31D7949104A /* ExpoModulesProviders */ = {
			isa = PBXGroup;
			children = (
				92A7D8410A728F420DE4522B /* AuthenticationApp */,
			);
			name = ExpoModulesProviders;
			sourceTree = "<group>";
		};
		832341AE1AAA6A7D00B99B32 /* Libraries */ = {
			isa = PBXGroup;
			children = (
			);
			name = Libraries;
			sourceTree = "<group>";
		};
		83CBB9F61A601CBA00E9B192 = {
			isa = PBXGroup;
			children = (
				13B07FAE1A68108700A75B9A /* AuthenticationApp */,
				832341AE1AAA6A7D00B99B32 /* Libraries */,
				83CBBA001A601CBA00E9B192 /* Products */,
				2D16E6871FA4F8E400B85C8A /* Frameworks */,
				364548586DDBB1AF0D4BD111 /* Pods */,
				37A65DEE0484E31D7949104A /* ExpoModulesProviders */,
				B2C6393A1EC84084B6BBE894 /* Resources */,
			);
			indentWidth = 2;
			sourceTree = "<group>";
			tabWidth = 2;
			usesTabs = 0;
		};
		83CBBA001A601CBA00E9B192 /* Products */ = {
			isa = PBXGroup;
			children = (
				13B07F961A680F5B00A75B9A /* AuthenticationApp.app */,
			);
			name = Products;
			sourceTree = "<group>";
		};
		92A7D8410A728F420DE4522B /* AuthenticationApp */ = {
			isa = PBXGroup;
			children = (
				F2D70398E3A319651B064746 /* ExpoModulesProvider.swift */,
			);
			name = AuthenticationApp;
			sourceTree = "<group>";
		};
		B2C6393A1EC84084B6BBE894 /* Resources */ = {
			isa = PBXGroup;
			children = (
				5CE4BF8ED61642CC966EBCCE /* Inter-Medium.ttf */,
				FFB6416687B5453A888AD2D2 /* Inter-Light.ttf */,
				3A972DA998AE4D859C1E59BF /* Inter-ExtraLightItalic.ttf */,
				5F168A83F84348FBA9116A9D /* Inter-SemiBoldItalic.ttf */,
				D509FFF4814A4A5A88170DFB /* Inter-Thin.ttf */,
				FD4E037FBB7D479F8BAF2963 /* Inter-Bold.ttf */,
				53D069E4E9234471980AC19B /* Inter-Regular.ttf */,
				8B7C262779F249448D39C4E5 /* Inter-LightItalic.ttf */,
				E4D0D9E3C944489CB99D31E3 /* Inter-ExtraBold.ttf */,
				11FF981D27614F87A9117484 /* Inter-ThinItalic.ttf */,
				44576D17A7294F4A8EBF5D63 /* Inter-ExtraLight.ttf */,
				2DD7E60F9AD24DB0AF1BA14E /* Inter-BoldItalic.ttf */,
				9EC846E57D70496CBA8E38A4 /* Inter-ExtraBoldItalic.ttf */,
				F972AF1CC0C648B5A58B80A6 /* Inter-MediumItalic.ttf */,
				7F7D8C50CFE6478C9571FD1A /* Inter-Black.ttf */,
				60038AD7E76643A3975FBDF0 /* Inter-Italic.ttf */,
				2EC7013045104148980D105A /* Inter-BlackItalic.ttf */,
				B7B8ED4CE5404E6F8B28B9D9 /* Inter-SemiBold.ttf */,
			);
			name = Resources;
			path = "";
			sourceTree = "<group>";
		};
		BB2F792B24A3F905000567C9 /* Supporting */ = {
			isa = PBXGroup;
			children = (
				BB2F792C24A3F905000567C9 /* Expo.plist */,
			);
			name = Supporting;
			path = AuthenticationApp/Supporting;
			sourceTree = "<group>";
		};
/* End PBXGroup section */

/* Begin PBXNativeTarget section */
		13B07F861A680F5B00A75B9A /* AuthenticationApp */ = {
			isa = PBXNativeTarget;
			buildConfigurationList = 13B07F931A680F5B00A75B9A /* Build configuration list for PBXNativeTarget "AuthenticationApp" */;
			buildPhases = (
				08A4A3CD28434E44B6B9DE2E /* [CP] Check Pods Manifest.lock */,
				0D756D2856710483C09084A5 /* [Expo] Configure project */,
				13B07F871A680F5B00A75B9A /* Sources */,
				13B07F8C1A680F5B00A75B9A /* Frameworks */,
				13B07F8E1A680F5B00A75B9A /* Resources */,
				00DD1BFF1BD5951E006B06BC /* Bundle React Native code and images */,
				800E24972A6A228C8D4807E9 /* [CP] Copy Pods Resources */,
				98E0D138FF71AED8C4621B88 /* [CP] Embed Pods Frameworks */,
			);
			buildRules = (
			);
			dependencies = (
			);
			name = AuthenticationApp;
			productName = AuthenticationApp;
			productReference = 13B07F961A680F5B00A75B9A /* AuthenticationApp.app */;
			productType = "com.apple.product-type.application";
		};
/* End PBXNativeTarget section */

/* Begin PBXProject section */
		83CBB9F71A601CBA00E9B192 /* Project object */ = {
			isa = PBXProject;
			attributes = {
				LastUpgradeCheck = 1130;
				TargetAttributes = {
					13B07F861A680F5B00A75B9A = {
						DevelopmentTeam = J4M869JVFQ;
						LastSwiftMigration = 1250;
						ProvisioningStyle = Automatic;
					};
				};
			};
			buildConfigurationList = 83CBB9FA1A601CBA00E9B192 /* Build configuration list for PBXProject "AuthenticationApp" */;
			compatibilityVersion = "Xcode 3.2";
			developmentRegion = en;
			hasScannedForEncodings = 0;
			knownRegions = (
				en,
				Base,
			);
			mainGroup = 83CBB9F61A601CBA00E9B192;
			productRefGroup = 83CBBA001A601CBA00E9B192 /* Products */;
			projectDirPath = "";
			projectRoot = "";
			targets = (
				13B07F861A680F5B00A75B9A /* AuthenticationApp */,
			);
		};
/* End PBXProject section */

/* Begin PBXResourcesBuildPhase section */
		13B07F8E1A680F5B00A75B9A /* Resources */ = {
			isa = PBXResourcesBuildPhase;
			buildActionMask = 2147483647;
			files = (
				BB2F792D24A3F905000567C9 /* Expo.plist in Resources */,
				13B07FBF1A68108700A75B9A /* Images.xcassets in Resources */,
				3E461D99554A48A4959DE609 /* SplashScreen.storyboard in Resources */,
				750472C46AD842C980252C4E /* PrivacyInfo.xcprivacy in Resources */,
				75D48256121A47BE8F1028B7 /* Inter-Medium.ttf in Resources */,
				253B2F826B674FC5A2CD99F5 /* Inter-Light.ttf in Resources */,
				BF8CE485B5714FF7BFB81B28 /* Inter-ExtraLightItalic.ttf in Resources */,
				51FEB64DDC364FF6AB3CF6DF /* Inter-SemiBoldItalic.ttf in Resources */,
				481E736EB71F46F29653AFEA /* Inter-Thin.ttf in Resources */,
				944E6DA5AA4D4054A60416FD /* Inter-Bold.ttf in Resources */,
				A25AEC7153324F04AC582039 /* Inter-Regular.ttf in Resources */,
				26EA986820E24C6B90D844E1 /* Inter-LightItalic.ttf in Resources */,
				89046DBF2F3F404BA8851E17 /* Inter-ExtraBold.ttf in Resources */,
				B873228E60A8490A89B1034C /* Inter-ThinItalic.ttf in Resources */,
				0CFEFB219ED549E39234981B /* Inter-ExtraLight.ttf in Resources */,
				676CF051487D47ADA2338CEA /* Inter-BoldItalic.ttf in Resources */,
				0E569FF8E03F45AF96C4B648 /* Inter-ExtraBoldItalic.ttf in Resources */,
				9063D2DC5B9944B99F17B9F5 /* Inter-MediumItalic.ttf in Resources */,
				AAD3487E2EBE45628CEE634A /* Inter-Black.ttf in Resources */,
				22FEF33E1F6649E99E7AA51F /* Inter-Italic.ttf in Resources */,
				8AEBCCE8F69140C880B9595E /* Inter-BlackItalic.ttf in Resources */,
				ADFAFFE95C4B4F40BF697D3D /* Inter-SemiBold.ttf in Resources */,
			);
			runOnlyForDeploymentPostprocessing = 0;
		};
/* End PBXResourcesBuildPhase section */

/* Begin PBXShellScriptBuildPhase section */
		00DD1BFF1BD5951E006B06BC /* Bundle React Native code and images */ = {
			isa = PBXShellScriptBuildPhase;
			alwaysOutOfDate = 1;
			buildActionMask = 2147483647;
			files = (
			);
			inputPaths = (
				"$(SRCROOT)/.xcode.env",
				"$(SRCROOT)/.xcode.env.local",
			);
			name = "Bundle React Native code and images";
			outputPaths = (
			);
			runOnlyForDeploymentPostprocessing = 0;
			shellPath = /bin/sh;
			shellScript = "if [[ -f \"$PODS_ROOT/../.xcode.env\" ]]; then\n  source \"$PODS_ROOT/../.xcode.env\"\nfi\nif [[ -f \"$PODS_ROOT/../.xcode.env.local\" ]]; then\n  source \"$PODS_ROOT/../.xcode.env.local\"\nfi\n\n# The project root by default is one level up from the ios directory\nexport PROJECT_ROOT=\"$PROJECT_DIR\"/..\n\nif [[ \"$CONFIGURATION\" = *Debug* ]]; then\n  export SKIP_BUNDLING=1\nfi\nif [[ -z \"$ENTRY_FILE\" ]]; then\n  # Set the entry JS file using the bundler's entry resolution.\n  export ENTRY_FILE=\"$(\"$NODE_BINARY\" -e \"require('expo/scripts/resolveAppEntry')\" \"$PROJECT_ROOT\" ios absolute | tail -n 1)\"\nfi\n\nif [[ -z \"$CLI_PATH\" ]]; then\n  # Use Expo CLI\n  export CLI_PATH=\"$(\"$NODE_BINARY\" --print \"require.resolve('@expo/cli', { paths: [require.resolve('expo/package.json')] })\")\"\nfi\nif [[ -z \"$BUNDLE_COMMAND\" ]]; then\n  # Default Expo CLI command for bundling\n  export BUNDLE_COMMAND=\"export:embed\"\nfi\n\n# Source .xcode.env.updates if it exists to allow\n# SKIP_BUNDLING to be unset if needed\nif [[ -f \"$PODS_ROOT/../.xcode.env.updates\" ]]; then\n  source \"$PODS_ROOT/../.xcode.env.updates\"\nfi\n# Source local changes to allow overrides\n# if needed\nif [[ -f \"$PODS_ROOT/../.xcode.env.local\" ]]; then\n  source \"$PODS_ROOT/../.xcode.env.local\"\nfi\n\n`\"$NODE_BINARY\" --print \"require('path').dirname(require.resolve('react-native/package.json')) + '/scripts/react-native-xcode.sh'\"`\n\n";
		};
		08A4A3CD28434E44B6B9DE2E /* [CP] Check Pods Manifest.lock */ = {
			isa = PBXShellScriptBuildPhase;
			buildActionMask = 2147483647;
			files = (
			);
			inputFileListPaths = (
			);
			inputPaths = (
				"${PODS_PODFILE_DIR_PATH}/Podfile.lock",
				"${PODS_ROOT}/Manifest.lock",
			);
			name = "[CP] Check Pods Manifest.lock";
			outputFileListPaths = (
			);
			outputPaths = (
				"$(DERIVED_FILE_DIR)/Pods-AuthenticationApp-checkManifestLockResult.txt",
			);
			runOnlyForDeploymentPostprocessing = 0;
			shellPath = /bin/sh;
			shellScript = "diff \"${PODS_PODFILE_DIR_PATH}/Podfile.lock\" \"${PODS_ROOT}/Manifest.lock\" > /dev/null\nif [ $? != 0 ] ; then\n    # print error to STDERR\n    echo \"error: The sandbox is not in sync with the Podfile.lock. Run 'pod install' or update your CocoaPods installation.\" >&2\n    exit 1\nfi\n# This output is used by Xcode 'outputs' to avoid re-running this script phase.\necho \"SUCCESS\" > \"${SCRIPT_OUTPUT_FILE_0}\"\n";
			showEnvVarsInLog = 0;
		};
		0D756D2856710483C09084A5 /* [Expo] Configure project */ = {
			isa = PBXShellScriptBuildPhase;
			alwaysOutOfDate = 1;
			buildActionMask = 2147483647;
			files = (
			);
			inputFileListPaths = (
			);
			inputPaths = (
				"$(SRCROOT)/.xcode.env",
				"$(SRCROOT)/.xcode.env.local",
				"$(SRCROOT)/AuthenticationApp/AuthenticationApp.entitlements",
				"$(SRCROOT)/Pods/Target Support Files/Pods-AuthenticationApp/expo-configure-project.sh",
			);
			name = "[Expo] Configure project";
			outputFileListPaths = (
			);
			outputPaths = (
				"$(SRCROOT)/Pods/Target Support Files/Pods-AuthenticationApp/ExpoModulesProvider.swift",
			);
			runOnlyForDeploymentPostprocessing = 0;
			shellPath = /bin/sh;
			shellScript = "# This script configures Expo modules and generates the modules provider file.\nbash -l -c \"./Pods/Target\\ Support\\ Files/Pods-AuthenticationApp/expo-configure-project.sh\"\n";
		};
		800E24972A6A228C8D4807E9 /* [CP] Copy Pods Resources */ = {
			isa = PBXShellScriptBuildPhase;
			buildActionMask = 2147483647;
			files = (
			);
			inputPaths = (
				"${PODS_ROOT}/Target Support Files/Pods-AuthenticationApp/Pods-AuthenticationApp-resources.sh",
				"${PODS_CONFIGURATION_BUILD_DIR}/EXApplication/ExpoApplication_privacy.bundle",
				"${PODS_CONFIGURATION_BUILD_DIR}/EXConstants/EXConstants.bundle",
				"${PODS_CONFIGURATION_BUILD_DIR}/EXConstants/ExpoConstants_privacy.bundle",
				"${PODS_CONFIGURATION_BUILD_DIR}/ExpoFileSystem/ExpoFileSystem_privacy.bundle",
				"${PODS_CONFIGURATION_BUILD_DIR}/ExpoLocalization/ExpoLocalization_privacy.bundle",
				"${PODS_CONFIGURATION_BUILD_DIR}/ExpoSystemUI/ExpoSystemUI_privacy.bundle",
				"${PODS_CONFIGURATION_BUILD_DIR}/RNCAsyncStorage/RNCAsyncStorage_resources.bundle",
				"${PODS_CONFIGURATION_BUILD_DIR}/RNSVG/RNSVGFilters.bundle",
				"${PODS_CONFIGURATION_BUILD_DIR}/React-Core/React-Core_privacy.bundle",
				"${PODS_CONFIGURATION_BUILD_DIR}/React-cxxreact/React-cxxreact_privacy.bundle",
				"${PODS_CONFIGURATION_BUILD_DIR}/SDWebImage/SDWebImage.bundle",
				"${PODS_CONFIGURATION_BUILD_DIR}/expo-dev-launcher/EXDevLauncher.bundle",
				"${PODS_CONFIGURATION_BUILD_DIR}/expo-dev-menu/EXDevMenu.bundle",
			);
			name = "[CP] Copy Pods Resources";
			outputPaths = (
				"${TARGET_BUILD_DIR}/${UNLOCALIZED_RESOURCES_FOLDER_PATH}/ExpoApplication_privacy.bundle",
				"${TARGET_BUILD_DIR}/${UNLOCALIZED_RESOURCES_FOLDER_PATH}/EXConstants.bundle",
				"${TARGET_BUILD_DIR}/${UNLOCALIZED_RESOURCES_FOLDER_PATH}/ExpoConstants_privacy.bundle",
				"${TARGET_BUILD_DIR}/${UNLOCALIZED_RESOURCES_FOLDER_PATH}/ExpoFileSystem_privacy.bundle",
				"${TARGET_BUILD_DIR}/${UNLOCALIZED_RESOURCES_FOLDER_PATH}/ExpoLocalization_privacy.bundle",
				"${TARGET_BUILD_DIR}/${UNLOCALIZED_RESOURCES_FOLDER_PATH}/ExpoSystemUI_privacy.bundle",
				"${TARGET_BUILD_DIR}/${UNLOCALIZED_RESOURCES_FOLDER_PATH}/RNCAsyncStorage_resources.bundle",
				"${TARGET_BUILD_DIR}/${UNLOCALIZED_RESOURCES_FOLDER_PATH}/RNSVGFilters.bundle",
				"${TARGET_BUILD_DIR}/${UNLOCALIZED_RESOURCES_FOLDER_PATH}/React-Core_privacy.bundle",
				"${TARGET_BUILD_DIR}/${UNLOCALIZED_RESOURCES_FOLDER_PATH}/React-cxxreact_privacy.bundle",
				"${TARGET_BUILD_DIR}/${UNLOCALIZED_RESOURCES_FOLDER_PATH}/SDWebImage.bundle",
				"${TARGET_BUILD_DIR}/${UNLOCALIZED_RESOURCES_FOLDER_PATH}/EXDevLauncher.bundle",
				"${TARGET_BUILD_DIR}/${UNLOCALIZED_RESOURCES_FOLDER_PATH}/EXDevMenu.bundle",
			);
			runOnlyForDeploymentPostprocessing = 0;
			shellPath = /bin/sh;
			shellScript = "\"${PODS_ROOT}/Target Support Files/Pods-AuthenticationApp/Pods-AuthenticationApp-resources.sh\"\n";
			showEnvVarsInLog = 0;
		};
		98E0D138FF71AED8C4621B88 /* [CP] Embed Pods Frameworks */ = {
			isa = PBXShellScriptBuildPhase;
			buildActionMask = 2147483647;
			files = (
			);
			inputPaths = (
				"${PODS_ROOT}/Target Support Files/Pods-AuthenticationApp/Pods-AuthenticationApp-frameworks.sh",
				"${PODS_XCFRAMEWORKS_BUILD_DIR}/React-Core-prebuilt/React.framework/React",
				"${PODS_XCFRAMEWORKS_BUILD_DIR}/ReactNativeDependencies/ReactNativeDependencies.framework/ReactNativeDependencies",
				"${PODS_XCFRAMEWORKS_BUILD_DIR}/hermes-engine/Pre-built/hermes.framework/hermes",
			);
			name = "[CP] Embed Pods Frameworks";
			outputPaths = (
				"${TARGET_BUILD_DIR}/${FRAMEWORKS_FOLDER_PATH}/React.framework",
				"${TARGET_BUILD_DIR}/${FRAMEWORKS_FOLDER_PATH}/ReactNativeDependencies.framework",
				"${TARGET_BUILD_DIR}/${FRAMEWORKS_FOLDER_PATH}/hermes.framework",
			);
			runOnlyForDeploymentPostprocessing = 0;
			shellPath = /bin/sh;
			shellScript = "\"${PODS_ROOT}/Target Support Files/Pods-AuthenticationApp/Pods-AuthenticationApp-frameworks.sh\"\n";
			showEnvVarsInLog = 0;
		};
/* End PBXShellScriptBuildPhase section */

/* Begin PBXSourcesBuildPhase section */
		13B07F871A680F5B00A75B9A /* Sources */ = {
			isa = PBXSourcesBuildPhase;
			buildActionMask = 2147483647;
			files = (
				F11748422D0307B40044C1D9 /* AppDelegate.swift in Sources */,
				CC6941D1D0B60547DBAC921C /* ExpoModulesProvider.swift in Sources */,
			);
			runOnlyForDeploymentPostprocessing = 0;
		};
/* End PBXSourcesBuildPhase section */

/* Begin XCBuildConfiguration section */
		13B07F941A680F5B00A75B9A /* Debug */ = {
			isa = XCBuildConfiguration;
			baseConfigurationReference = BCED4BD453C75126689A5175 /* Pods-AuthenticationApp.debug.xcconfig */;
			buildSettings = {
				ASSETCATALOG_COMPILER_APPICON_NAME = AppIcon;
				CLANG_ENABLE_MODULES = YES;
				CODE_SIGN_ENTITLEMENTS = AuthenticationApp/AuthenticationApp.entitlements;
				CODE_SIGN_IDENTITY = "Apple Development";
				CODE_SIGN_STYLE = Automatic;
				CURRENT_PROJECT_VERSION = 1;
				DEVELOPMENT_TEAM = J4M869JVFQ;
				ENABLE_BITCODE = NO;
				GCC_PREPROCESSOR_DEFINITIONS = (
					"$(inherited)",
					"FB_SONARKIT_ENABLED=1",
				);
				INFOPLIST_FILE = AuthenticationApp/Info.plist;
				INFOPLIST_KEY_CFBundleDisplayName = "Authentication App";
				IPHONEOS_DEPLOYMENT_TARGET = 15.1;
				LD_RUNPATH_SEARCH_PATHS = (
					"$(inherited)",
					"@executable_path/Frameworks",
				);
				MARKETING_VERSION = 1.0;
				OTHER_LDFLAGS = (
					"$(inherited)",
					"-ObjC",
					"-lc++",
				);
				OTHER_SWIFT_FLAGS = "$(inherited) -D EXPO_CONFIGURATION_DEBUG";
				PRODUCT_BUNDLE_IDENTIFIER = com.qiule.authentication.app;
				PRODUCT_NAME = AuthenticationApp;
				SWIFT_OBJC_BRIDGING_HEADER = "AuthenticationApp/AuthenticationApp-Bridging-Header.h";
				SWIFT_OPTIMIZATION_LEVEL = "-Onone";
				SWIFT_VERSION = 5.0;
				TARGETED_DEVICE_FAMILY = "1,2";
				VERSIONING_SYSTEM = "apple-generic";
			};
			name = Debug;
		};
		13B07F951A680F5B00A75B9A /* Release */ = {
			isa = XCBuildConfiguration;
			baseConfigurationReference = 91BC6038E27DFA1CDA69E0A0 /* Pods-AuthenticationApp.release.xcconfig */;
			buildSettings = {
				ASSETCATALOG_COMPILER_APPICON_NAME = AppIcon;
				CLANG_ENABLE_MODULES = YES;
				CODE_SIGN_ENTITLEMENTS = AuthenticationApp/AuthenticationApp.entitlements;
				CODE_SIGN_IDENTITY = "Apple Development";
				CODE_SIGN_STYLE = Automatic;
				CURRENT_PROJECT_VERSION = 1;
				DEVELOPMENT_TEAM = J4M869JVFQ;
				INFOPLIST_FILE = AuthenticationApp/Info.plist;
				INFOPLIST_KEY_CFBundleDisplayName = "Authentication App";
				IPHONEOS_DEPLOYMENT_TARGET = 15.1;
				LD_RUNPATH_SEARCH_PATHS = (
					"$(inherited)",
					"@executable_path/Frameworks",
				);
				MARKETING_VERSION = 1.0;
				OTHER_LDFLAGS = (
					"$(inherited)",
					"-ObjC",
					"-lc++",
				);
				OTHER_SWIFT_FLAGS = "$(inherited) -D EXPO_CONFIGURATION_RELEASE";
				PRODUCT_BUNDLE_IDENTIFIER = com.qiule.authentication.app;
				PRODUCT_NAME = AuthenticationApp;
				SWIFT_OBJC_BRIDGING_HEADER = "AuthenticationApp/AuthenticationApp-Bridging-Header.h";
				SWIFT_VERSION = 5.0;
				TARGETED_DEVICE_FAMILY = "1,2";
				VERSIONING_SYSTEM = "apple-generic";
			};
			name = Release;
		};
		83CBBA201A601CBA00E9B192 /* Debug */ = {
			isa = XCBuildConfiguration;
			buildSettings = {
				ALWAYS_SEARCH_USER_PATHS = NO;
				CLANG_ANALYZER_LOCALIZABILITY_NONLOCALIZED = YES;
				CLANG_CXX_LANGUAGE_STANDARD = "c++20";
				CLANG_CXX_LIBRARY = "libc++";
				CLANG_ENABLE_MODULES = YES;
				CLANG_ENABLE_OBJC_ARC = YES;
				CLANG_WARN_BLOCK_CAPTURE_AUTORELEASING = YES;
				CLANG_WARN_BOOL_CONVERSION = YES;
				CLANG_WARN_COMMA = YES;
				CLANG_WARN_CONSTANT_CONVERSION = YES;
				CLANG_WARN_DEPRECATED_OBJC_IMPLEMENTATIONS = YES;
				CLANG_WARN_DIRECT_OBJC_ISA_USAGE = YES_ERROR;
				CLANG_WARN_EMPTY_BODY = YES;
				CLANG_WARN_ENUM_CONVERSION = YES;
				CLANG_WARN_INFINITE_RECURSION = YES;
				CLANG_WARN_INT_CONVERSION = YES;
				CLANG_WARN_NON_LITERAL_NULL_CONVERSION = YES;
				CLANG_WARN_OBJC_IMPLICIT_RETAIN_SELF = YES;
				CLANG_WARN_OBJC_LITERAL_CONVERSION = YES;
				CLANG_WARN_OBJC_ROOT_CLASS = YES_ERROR;
				CLANG_WARN_RANGE_LOOP_ANALYSIS = YES;
				CLANG_WARN_STRICT_PROTOTYPES = YES;
				CLANG_WARN_SUSPICIOUS_MOVE = YES;
				CLANG_WARN_UNREACHABLE_CODE = YES;
				CLANG_WARN__DUPLICATE_METHOD_MATCH = YES;
				"CODE_SIGN_IDENTITY[sdk=iphoneos*]" = "iPhone Developer";
				COPY_PHASE_STRIP = NO;
				ENABLE_STRICT_OBJC_MSGSEND = YES;
				ENABLE_TESTABILITY = YES;
				GCC_C_LANGUAGE_STANDARD = gnu99;
				GCC_DYNAMIC_NO_PIC = NO;
				GCC_NO_COMMON_BLOCKS = YES;
				GCC_OPTIMIZATION_LEVEL = 0;
				GCC_PREPROCESSOR_DEFINITIONS = (
					"DEBUG=1",
					"$(inherited)",
				);
				GCC_SYMBOLS_PRIVATE_EXTERN = NO;
				GCC_WARN_64_TO_32_BIT_CONVERSION = YES;
				GCC_WARN_ABOUT_RETURN_TYPE = YES_ERROR;
				GCC_WARN_UNDECLARED_SELECTOR = YES;
				GCC_WARN_UNINITIALIZED_AUTOS = YES_AGGRESSIVE;
				GCC_WARN_UNUSED_FUNCTION = YES;
				GCC_WARN_UNUSED_VARIABLE = YES;
				IPHONEOS_DEPLOYMENT_TARGET = 15.1;
				LD_RUNPATH_SEARCH_PATHS = (
					/usr/lib/swift,
					"$(inherited)",
				);
				LIBRARY_SEARCH_PATHS = "$(SDKROOT)/usr/lib/swift\"$(inherited)\"";
				MTL_ENABLE_DEBUG_INFO = YES;
				ONLY_ACTIVE_ARCH = YES;
				REACT_NATIVE_PATH = "${PODS_ROOT}/../../node_modules/react-native";
				SDKROOT = iphoneos;
				SWIFT_ACTIVE_COMPILATION_CONDITIONS = "$(inherited) DEBUG";
				SWIFT_ENABLE_EXPLICIT_MODULES = NO;
				USE_HERMES = true;
			};
			name = Debug;
		};
		83CBBA211A601CBA00E9B192 /* Release */ = {
			isa = XCBuildConfiguration;
			buildSettings = {
				ALWAYS_SEARCH_USER_PATHS = NO;
				CLANG_ANALYZER_LOCALIZABILITY_NONLOCALIZED = YES;
				CLANG_CXX_LANGUAGE_STANDARD = "c++20";
				CLANG_CXX_LIBRARY = "libc++";
				CLANG_ENABLE_MODULES = YES;
				CLANG_ENABLE_OBJC_ARC = YES;
				CLANG_WARN_BLOCK_CAPTURE_AUTORELEASING = YES;
				CLANG_WARN_BOOL_CONVERSION = YES;
				CLANG_WARN_COMMA = YES;
				CLANG_WARN_CONSTANT_CONVERSION = YES;
				CLANG_WARN_DEPRECATED_OBJC_IMPLEMENTATIONS = YES;
				CLANG_WARN_DIRECT_OBJC_ISA_USAGE = YES_ERROR;
				CLANG_WARN_EMPTY_BODY = YES;
				CLANG_WARN_ENUM_CONVERSION = YES;
				CLANG_WARN_INFINITE_RECURSION = YES;
				CLANG_WARN_INT_CONVERSION = YES;
				CLANG_WARN_NON_LITERAL_NULL_CONVERSION = YES;
				CLANG_WARN_OBJC_IMPLICIT_RETAIN_SELF = YES;
				CLANG_WARN_OBJC_LITERAL_CONVERSION = YES;
				CLANG_WARN_OBJC_ROOT_CLASS = YES_ERROR;
				CLANG_WARN_RANGE_LOOP_ANALYSIS = YES;
				CLANG_WARN_STRICT_PROTOTYPES = YES;
				CLANG_WARN_SUSPICIOUS_MOVE = YES;
				CLANG_WARN_UNREACHABLE_CODE = YES;
				CLANG_WARN__DUPLICATE_METHOD_MATCH = YES;
				"CODE_SIGN_IDENTITY[sdk=iphoneos*]" = "iPhone Developer";
				COPY_PHASE_STRIP = YES;
				ENABLE_NS_ASSERTIONS = NO;
				ENABLE_STRICT_OBJC_MSGSEND = YES;
				GCC_C_LANGUAGE_STANDARD = gnu99;
				GCC_NO_COMMON_BLOCKS = YES;
				GCC_WARN_64_TO_32_BIT_CONVERSION = YES;
				GCC_WARN_ABOUT_RETURN_TYPE = YES_ERROR;
				GCC_WARN_UNDECLARED_SELECTOR = YES;
				GCC_WARN_UNINITIALIZED_AUTOS = YES_AGGRESSIVE;
				GCC_WARN_UNUSED_FUNCTION = YES;
				GCC_WARN_UNUSED_VARIABLE = YES;
				IPHONEOS_DEPLOYMENT_TARGET = 15.1;
				LD_RUNPATH_SEARCH_PATHS = (
					/usr/lib/swift,
					"$(inherited)",
				);
				LIBRARY_SEARCH_PATHS = "$(SDKROOT)/usr/lib/swift\"$(inherited)\"";
				MTL_ENABLE_DEBUG_INFO = NO;
				REACT_NATIVE_PATH = "${PODS_ROOT}/../../node_modules/react-native";
				SDKROOT = iphoneos;
				SWIFT_ENABLE_EXPLICIT_MODULES = NO;
				USE_HERMES = true;
				VALIDATE_PRODUCT = YES;
			};
			name = Release;
		};
/* End XCBuildConfiguration section */

/* Begin XCConfigurationList section */
		13B07F931A680F5B00A75B9A /* Build configuration list for PBXNativeTarget "AuthenticationApp" */ = {
			isa = XCConfigurationList;
			buildConfigurations = (
				13B07F941A680F5B00A75B9A /* Debug */,
				13B07F951A680F5B00A75B9A /* Release */,
			);
			defaultConfigurationIsVisible = 0;
			defaultConfigurationName = Release;
		};
		83CBB9FA1A601CBA00E9B192 /* Build configuration list for PBXProject "AuthenticationApp" */ = {
			isa = XCConfigurationList;
			buildConfigurations = (
				83CBBA201A601CBA00E9B192 /* Debug */,
				83CBBA211A601CBA00E9B192 /* Release */,
			);
			defaultConfigurationIsVisible = 0;
			defaultConfigurationName = Release;
		};
/* End XCConfigurationList section */
	};
	rootObject = 83CBB9F71A601CBA00E9B192 /* Project object */;
}
